
Microsoft Visual Studio Solution File, Format Version 12.00
# Visual Studio Version 17
VisualStudioVersion = 17.11.35312.102
MinimumVisualStudioVersion = 10.0.40219.1
Project("{FAE04EC0-301F-11D3-BF4B-00C04F79EFBC}") = "CURD.API", "CURD.API\CURD.API.csproj", "{94F3FA49-4E9E-46F9-989E-6EB6818B9C64}"
EndProject
Project("{FAE04EC0-301F-11D3-BF4B-00C04F79EFBC}") = "CURD.DAL", "CURD.DAL\CURD.DAL.csproj", "{A6EC97B1-6682-46E3-90A4-E469AFDA5085}"
EndProject
Project("{FAE04EC0-301F-11D3-BF4B-00C04F79EFBC}") = "CURD.Core", "CURD.Core\CURD.Core.csproj", "{97BBEAD2-AAD5-4A29-B234-7366BCCD9DBA}"
EndProject
Project("{FAE04EC0-301F-11D3-BF4B-00C04F79EFBC}") = "CURD.Business", "CURD.Business\CURD.Business.csproj", "{1E5085E7-3263-4888-9802-FDC8FE8DAD46}"
EndProject
Global
	GlobalSection(SolutionConfigurationPlatforms) = preSolution
		Debug|Any CPU = Debug|Any CPU
		Release|Any CPU = Release|Any CPU
	EndGlobalSection
	GlobalSection(ProjectConfigurationPlatforms) = postSolution
		{94F3FA49-4E9E-46F9-989E-6EB6818B9C64}.Debug|Any CPU.ActiveCfg = Debug|Any CPU
		{94F3FA49-4E9E-46F9-989E-6EB6818B9C64}.Debug|Any CPU.Build.0 = Debug|Any CPU
		{94F3FA49-4E9E-46F9-989E-6EB6818B9C64}.Release|Any CPU.ActiveCfg = Release|Any CPU
		{94F3FA49-4E9E-46F9-989E-6EB6818B9C64}.Release|Any CPU.Build.0 = Release|Any CPU
		{A6EC97B1-6682-46E3-90A4-E469AFDA5085}.Debug|Any CPU.ActiveCfg = Debug|Any CPU
		{A6EC97B1-6682-46E3-90A4-E469AFDA5085}.Debug|Any CPU.Build.0 = Debug|Any CPU
		{A6EC97B1-6682-46E3-90A4-E469AFDA5085}.Release|Any CPU.ActiveCfg = Release|Any CPU
		{A6EC97B1-6682-46E3-90A4-E469AFDA5085}.Release|Any CPU.Build.0 = Release|Any CPU
		{97BBEAD2-AAD5-4A29-B234-7366BCCD9DBA}.Debug|Any CPU.ActiveCfg = Debug|Any CPU
		{97BBEAD2-AAD5-4A29-B234-7366BCCD9DBA}.Debug|Any CPU.Build.0 = Debug|Any CPU
		{97BBEAD2-AAD5-4A29-B234-7366BCCD9DBA}.Release|Any CPU.ActiveCfg = Release|Any CPU
		{97BBEAD2-AAD5-4A29-B234-7366BCCD9DBA}.Release|Any CPU.Build.0 = Release|Any CPU
		{1E5085E7-3263-4888-9802-FDC8FE8DAD46}.Debug|Any CPU.ActiveCfg = Debug|Any CPU
		{1E5085E7-3263-4888-9802-FDC8FE8DAD46}.Debug|Any CPU.Build.0 = Debug|Any CPU
		{1E5085E7-3263-4888-9802-FDC8FE8DAD46}.Release|Any CPU.ActiveCfg = Release|Any CPU
		{1E5085E7-3263-4888-9802-FDC8FE8DAD46}.Release|Any CPU.Build.0 = Release|Any CPU
	EndGlobalSection
	GlobalSection(SolutionProperties) = preSolution
		HideSolutionNode = FALSE
	EndGlobalSection
	GlobalSection(ExtensibilityGlobals) = postSolution
		SolutionGuid = {7533E36A-EAFB-4185-95EF-C0E4B6A67F91}
	EndGlobalSection
EndGlobal
